
Microsoft Visual Studio Solution File, Format Version 12.00
# Visual Studio Version 17
VisualStudioVersion = 17.12.35527.113
MinimumVisualStudioVersion = 10.0.40219.1
Project("{2150E333-8FDC-42A3-9474-1A3956D46DE8}") = "src", "src", "{52C051F5-D931-4C65-8780-A30BD8EB3E2C}"
EndProject
Project("{2150E333-8FDC-42A3-9474-1A3956D46DE8}") = "tests", "tests", "{8730451A-A097-47E2-8926-FEA04C2A9772}"
EndProject
Project("{FAE04EC0-301F-11D3-BF4B-00C04F79EFBC}") = "PowerBillingUsage.Core.Test", "tests\PowerBillingUsage.Core.Test\PowerBillingUsage.Core.Test.csproj", "{8D71B3A5-B039-4994-8AAD-4360470B00D9}"
EndProject
Project("{FAE04EC0-301F-11D3-BF4B-00C04F79EFBC}") = "PowerBillingUsage.Web", "src\PowerBillingUsage.Web\PowerBillingUsage.Web.csproj", "{921025F0-F574-4D5B-8FF2-ED1E65F1AB20}"
EndProject
Project("{FAE04EC0-301F-11D3-BF4B-00C04F79EFBC}") = "PowerBillingUsage.Infrastructure", "src\PowerBillingUsage.Infrastructure\PowerBillingUsage.Infrastructure.csproj", "{91B26300-FC1D-4C65-8B70-11896A2E423B}"
EndProject
Project("{FAE04EC0-301F-11D3-BF4B-00C04F79EFBC}") = "PowerBillingUsage.API", "src\PowerBillingUsage.API\PowerBillingUsage.API.csproj", "{E32FB420-CB06-47F3-8058-15B81C6E9696}"
EndProject
Project("{FAE04EC0-301F-11D3-BF4B-00C04F79EFBC}") = "PowerBillingUsage.AppHost", "src\PowerBillingUsage.AppHost\PowerBillingUsage.AppHost.csproj", "{53B313E9-C276-4402-B2F7-3683EE637B0C}"
EndProject
Project("{FAE04EC0-301F-11D3-BF4B-00C04F79EFBC}") = "PowerBillingUsage.ServiceDefaults", "src\PowerBillingUsage.ServiceDefaults\PowerBillingUsage.ServiceDefaults.csproj", "{34CEF301-BDF1-425F-AF73-81668B73C497}"
EndProject
Project("{FAE04EC0-301F-11D3-BF4B-00C04F79EFBC}") = "PowerBillingUsage.Domain", "src\PowerBillingUsage.Domain\PowerBillingUsage.Domain.csproj", "{A7743F2F-60E6-4876-864E-8F5ED3B3DED7}"
EndProject
Project("{FAE04EC0-301F-11D3-BF4B-00C04F79EFBC}") = "PowerBillingUsage.Application", "src\PowerBillingUsage.Application\PowerBillingUsage.Application.csproj", "{97973927-6ABA-4A45-9BEE-4A7AB34A5612}"
EndProject
Project("{FAE04EC0-301F-11D3-BF4B-00C04F79EFBC}") = "PowerBillingUsage.DbMigrator", "src\PowerBillingUsage.DbMigrator\PowerBillingUsage.DbMigrator.csproj", "{896C9E18-AAEC-46F3-8BC6-08157819A4F1}"
EndProject
Global
	GlobalSection(SolutionConfigurationPlatforms) = preSolution
		Debug|Any CPU = Debug|Any CPU
		Release|Any CPU = Release|Any CPU
	EndGlobalSection
	GlobalSection(ProjectConfigurationPlatforms) = postSolution
		{8D71B3A5-B039-4994-8AAD-4360470B00D9}.Debug|Any CPU.ActiveCfg = Debug|Any CPU
		{8D71B3A5-B039-4994-8AAD-4360470B00D9}.Debug|Any CPU.Build.0 = Debug|Any CPU
		{8D71B3A5-B039-4994-8AAD-4360470B00D9}.Release|Any CPU.ActiveCfg = Release|Any CPU
		{8D71B3A5-B039-4994-8AAD-4360470B00D9}.Release|Any CPU.Build.0 = Release|Any CPU
		{921025F0-F574-4D5B-8FF2-ED1E65F1AB20}.Debug|Any CPU.ActiveCfg = Debug|Any CPU
		{921025F0-F574-4D5B-8FF2-ED1E65F1AB20}.Debug|Any CPU.Build.0 = Debug|Any CPU
		{921025F0-F574-4D5B-8FF2-ED1E65F1AB20}.Release|Any CPU.ActiveCfg = Release|Any CPU
		{921025F0-F574-4D5B-8FF2-ED1E65F1AB20}.Release|Any CPU.Build.0 = Release|Any CPU
		{91B26300-FC1D-4C65-8B70-11896A2E423B}.Debug|Any CPU.ActiveCfg = Debug|Any CPU
		{91B26300-FC1D-4C65-8B70-11896A2E423B}.Debug|Any CPU.Build.0 = Debug|Any CPU
		{91B26300-FC1D-4C65-8B70-11896A2E423B}.Release|Any CPU.ActiveCfg = Release|Any CPU
		{91B26300-FC1D-4C65-8B70-11896A2E423B}.Release|Any CPU.Build.0 = Release|Any CPU
		{E32FB420-CB06-47F3-8058-15B81C6E9696}.Debug|Any CPU.ActiveCfg = Debug|Any CPU
		{E32FB420-CB06-47F3-8058-15B81C6E9696}.Debug|Any CPU.Build.0 = Debug|Any CPU
		{E32FB420-CB06-47F3-8058-15B81C6E9696}.Release|Any CPU.ActiveCfg = Release|Any CPU
		{E32FB420-CB06-47F3-8058-15B81C6E9696}.Release|Any CPU.Build.0 = Release|Any CPU
		{53B313E9-C276-4402-B2F7-3683EE637B0C}.Debug|Any CPU.ActiveCfg = Debug|Any CPU
		{53B313E9-C276-4402-B2F7-3683EE637B0C}.Debug|Any CPU.Build.0 = Debug|Any CPU
		{53B313E9-C276-4402-B2F7-3683EE637B0C}.Release|Any CPU.ActiveCfg = Release|Any CPU
		{53B313E9-C276-4402-B2F7-3683EE637B0C}.Release|Any CPU.Build.0 = Release|Any CPU
		{34CEF301-BDF1-425F-AF73-81668B73C497}.Debug|Any CPU.ActiveCfg = Debug|Any CPU
		{34CEF301-BDF1-425F-AF73-81668B73C497}.Debug|Any CPU.Build.0 = Debug|Any CPU
		{34CEF301-BDF1-425F-AF73-81668B73C497}.Release|Any CPU.ActiveCfg = Release|Any CPU
		{34CEF301-BDF1-425F-AF73-81668B73C497}.Release|Any CPU.Build.0 = Release|Any CPU
		{A7743F2F-60E6-4876-864E-8F5ED3B3DED7}.Debug|Any CPU.ActiveCfg = Debug|Any CPU
		{A7743F2F-60E6-4876-864E-8F5ED3B3DED7}.Debug|Any CPU.Build.0 = Debug|Any CPU
		{A7743F2F-60E6-4876-864E-8F5ED3B3DED7}.Release|Any CPU.ActiveCfg = Release|Any CPU
		{A7743F2F-60E6-4876-864E-8F5ED3B3DED7}.Release|Any CPU.Build.0 = Release|Any CPU
		{97973927-6ABA-4A45-9BEE-4A7AB34A5612}.Debug|Any CPU.ActiveCfg = Debug|Any CPU
		{97973927-6ABA-4A45-9BEE-4A7AB34A5612}.Debug|Any CPU.Build.0 = Debug|Any CPU
		{97973927-6ABA-4A45-9BEE-4A7AB34A5612}.Release|Any CPU.ActiveCfg = Release|Any CPU
		{97973927-6ABA-4A45-9BEE-4A7AB34A5612}.Release|Any CPU.Build.0 = Release|Any CPU
		{896C9E18-AAEC-46F3-8BC6-08157819A4F1}.Debug|Any CPU.ActiveCfg = Debug|Any CPU
		{896C9E18-AAEC-46F3-8BC6-08157819A4F1}.Debug|Any CPU.Build.0 = Debug|Any CPU
		{896C9E18-AAEC-46F3-8BC6-08157819A4F1}.Release|Any CPU.ActiveCfg = Release|Any CPU
		{896C9E18-AAEC-46F3-8BC6-08157819A4F1}.Release|Any CPU.Build.0 = Release|Any CPU
	EndGlobalSection
	GlobalSection(SolutionProperties) = preSolution
		HideSolutionNode = FALSE
	EndGlobalSection
	GlobalSection(NestedProjects) = preSolution
		{8D71B3A5-B039-4994-8AAD-4360470B00D9} = {8730451A-A097-47E2-8926-FEA04C2A9772}
		{921025F0-F574-4D5B-8FF2-ED1E65F1AB20} = {52C051F5-D931-4C65-8780-A30BD8EB3E2C}
		{91B26300-FC1D-4C65-8B70-11896A2E423B} = {52C051F5-D931-4C65-8780-A30BD8EB3E2C}
		{E32FB420-CB06-47F3-8058-15B81C6E9696} = {52C051F5-D931-4C65-8780-A30BD8EB3E2C}
		{53B313E9-C276-4402-B2F7-3683EE637B0C} = {52C051F5-D931-4C65-8780-A30BD8EB3E2C}
		{34CEF301-BDF1-425F-AF73-81668B73C497} = {52C051F5-D931-4C65-8780-A30BD8EB3E2C}
		{A7743F2F-60E6-4876-864E-8F5ED3B3DED7} = {52C051F5-D931-4C65-8780-A30BD8EB3E2C}
		{97973927-6ABA-4A45-9BEE-4A7AB34A5612} = {52C051F5-D931-4C65-8780-A30BD8EB3E2C}
		{896C9E18-AAEC-46F3-8BC6-08157819A4F1} = {52C051F5-D931-4C65-8780-A30BD8EB3E2C}
	EndGlobalSection
EndGlobal
